
Microsoft Visual Studio Solution File, Format Version 12.00
# Visual Studio 2012
Project("{FAE04EC0-301F-11D3-BF4B-00C04F79EFBC}") = "PexDemo", "PortableClassLibrary1\PexDemo.csproj", "{898CDD2A-FE79-4B95-9309-6872BF8366E0}"
EndProject
Global
	GlobalSection(SolutionConfigurationPlatforms) = preSolution
		Debug|Any CPU = Debug|Any CPU
		Release|Any CPU = Release|Any CPU
	EndGlobalSection
	GlobalSection(ProjectConfigurationPlatforms) = postSolution
		{898CDD2A-FE79-4B95-9309-6872BF8366E0}.Debug|Any CPU.ActiveCfg = Debug|Any CPU
		{898CDD2A-FE79-4B95-9309-6872BF8366E0}.Debug|Any CPU.Build.0 = Debug|Any CPU
		{898CDD2A-FE79-4B95-9309-6872BF8366E0}.Release|Any CPU.ActiveCfg = Release|Any CPU
		{898CDD2A-FE79-4B95-9309-6872BF8366E0}.Release|Any CPU.Build.0 = Release|Any CPU
	EndGlobalSection
	GlobalSection(SolutionProperties) = preSolution
		HideSolutionNode = FALSE
	EndGlobalSection
EndGlobal
